
Microsoft Visual Studio Solution File, Format Version 12.00
# Visual Studio Version 17
VisualStudioVersion = 17.9.34701.34
MinimumVisualStudioVersion = 10.0.40219.1
Project("{FAE04EC0-301F-11D3-BF4B-00C04F79EFBC}") = "wpf_breaking_block", "wpf_breaking_block\wpf_breaking_block.csproj", "{B3C8FF66-B95A-4025-A59F-FCC232EA8D1F}"
EndProject
Global
	GlobalSection(SolutionConfigurationPlatforms) = preSolution
		Debug|Any CPU = Debug|Any CPU
		Release|Any CPU = Release|Any CPU
	EndGlobalSection
	GlobalSection(ProjectConfigurationPlatforms) = postSolution
		{B3C8FF66-B95A-4025-A59F-FCC232EA8D1F}.Debug|Any CPU.ActiveCfg = Debug|Any CPU
		{B3C8FF66-B95A-4025-A59F-FCC232EA8D1F}.Debug|Any CPU.Build.0 = Debug|Any CPU
		{B3C8FF66-B95A-4025-A59F-FCC232EA8D1F}.Release|Any CPU.ActiveCfg = Release|Any CPU
		{B3C8FF66-B95A-4025-A59F-FCC232EA8D1F}.Release|Any CPU.Build.0 = Release|Any CPU
	EndGlobalSection
	GlobalSection(SolutionProperties) = preSolution
		HideSolutionNode = FALSE
	EndGlobalSection
	GlobalSection(ExtensibilityGlobals) = postSolution
		SolutionGuid = {B194BA99-03A0-4BC9-BAC0-58425344515E}
	EndGlobalSection
EndGlobal
