
Microsoft Visual Studio Solution File, Format Version 12.00
# Visual Studio Version 17
VisualStudioVersion = 17.3.32901.215
MinimumVisualStudioVersion = 10.0.40219.1
Project("{FAE04EC0-301F-11D3-BF4B-00C04F79EFBC}") = "20_CursorChaser", "20_CursorChaser\20_CursorChaser.csproj", "{DB9ED987-0CD5-46BF-9005-4A98914E0AD6}"
EndProject
Global
	GlobalSection(SolutionConfigurationPlatforms) = preSolution
		Debug|Any CPU = Debug|Any CPU
		Release|Any CPU = Release|Any CPU
	EndGlobalSection
	GlobalSection(ProjectConfigurationPlatforms) = postSolution
		{DB9ED987-0CD5-46BF-9005-4A98914E0AD6}.Debug|Any CPU.ActiveCfg = Debug|Any CPU
		{DB9ED987-0CD5-46BF-9005-4A98914E0AD6}.Debug|Any CPU.Build.0 = Debug|Any CPU
		{DB9ED987-0CD5-46BF-9005-4A98914E0AD6}.Release|Any CPU.ActiveCfg = Release|Any CPU
		{DB9ED987-0CD5-46BF-9005-4A98914E0AD6}.Release|Any CPU.Build.0 = Release|Any CPU
	EndGlobalSection
	GlobalSection(SolutionProperties) = preSolution
		HideSolutionNode = FALSE
	EndGlobalSection
	GlobalSection(ExtensibilityGlobals) = postSolution
		SolutionGuid = {BD6A5410-4C49-4613-9D06-C9F7763DF3DB}
	EndGlobalSection
EndGlobal
